// !$*UTF8*$!
{
	archiveVersion = 1;
	classes = {
	};
	objectVersion = 46;
	objects = {

/* Begin PBXBuildFile section */
		671147561CB344450031B0D5 /* main.m in Sources */ = {isa = PBXBuildFile; fileRef = 671147551CB344450031B0D5 /* main.m */; };
		671147591CB344450031B0D5 /* AppDelegate.m in Sources */ = {isa = PBXBuildFile; fileRef = 671147581CB344450031B0D5 /* AppDelegate.m */; };
		6711475C1CB344450031B0D5 /* ViewController.m in Sources */ = {isa = PBXBuildFile; fileRef = 6711475B1CB344450031B0D5 /* ViewController.m */; };
		6711475F1CB344450031B0D5 /* Main.storyboard in Resources */ = {isa = PBXBuildFile; fileRef = 6711475D1CB344450031B0D5 /* Main.storyboard */; };
		671147611CB344450031B0D5 /* Assets.xcassets in Resources */ = {isa = PBXBuildFile; fileRef = 671147601CB344450031B0D5 /* Assets.xcassets */; };
		671147641CB344450031B0D5 /* LaunchScreen.storyboard in Resources */ = {isa = PBXBuildFile; fileRef = 671147621CB344450031B0D5 /* LaunchScreen.storyboard */; };
		6711476F1CB344450031B0D5 /* hubTextTests.m in Sources */ = {isa = PBXBuildFile; fileRef = 6711476E1CB344450031B0D5 /* hubTextTests.m */; };
		6711477A1CB344450031B0D5 /* hubTextUITests.m in Sources */ = {isa = PBXBuildFile; fileRef = 671147791CB344450031B0D5 /* hubTextUITests.m */; };
/* End PBXBuildFile section */

/* Begin PBXContainerItemProxy section */
		6711476B1CB344450031B0D5 /* PBXContainerItemProxy */ = {
			isa = PBXContainerItemProxy;
			containerPortal = 671147491CB344450031B0D5 /* Project object */;
			proxyType = 1;
			remoteGlobalIDString = 671147501CB344450031B0D5;
			remoteInfo = hubText;
		};
		671147761CB344450031B0D5 /* PBXContainerItemProxy */ = {
			isa = PBXContainerItemProxy;
			containerPortal = 671147491CB344450031B0D5 /* Project object */;
			proxyType = 1;
			remoteGlobalIDString = 671147501CB344450031B0D5;
			remoteInfo = hubText;
		};
/* End PBXContainerItemProxy section */

/* Begin PBXFileReference section */
		671147511CB344450031B0D5 /* hubText.app */ = {isa = PBXFileReference; explicitFileType = wrapper.application; includeInIndex = 0; path = hubText.app; sourceTree = BUILT_PRODUCTS_DIR; };
		671147551CB344450031B0D5 /* main.m */ = {isa = PBXFileReference; lastKnownFileType = sourcecode.c.objc; path = main.m; sourceTree = "<group>"; };
		671147571CB344450031B0D5 /* AppDelegate.h */ = {isa = PBXFileReference; lastKnownFileType = sourcecode.c.h; path = AppDelegate.h; sourceTree = "<group>"; };
		671147581CB344450031B0D5 /* AppDelegate.m */ = {isa = PBXFileReference; lastKnownFileType = sourcecode.c.objc; path = AppDelegate.m; sourceTree = "<group>"; };
		6711475A1CB344450031B0D5 /* ViewController.h */ = {isa = PBXFileReference; lastKnownFileType = sourcecode.c.h; path = ViewController.h; sourceTree = "<group>"; };
		6711475B1CB344450031B0D5 /* ViewController.m */ = {isa = PBXFileReference; lastKnownFileType = sourcecode.c.objc; path = ViewController.m; sourceTree = "<group>"; };
		6711475E1CB344450031B0D5 /* Base */ = {isa = PBXFileReference; lastKnownFileType = file.storyboard; name = Base; path = Base.lproj/Main.storyboard; sourceTree = "<group>"; };
		671147601CB344450031B0D5 /* Assets.xcassets */ = {isa = PBXFileReference; lastKnownFileType = folder.assetcatalog; path = Assets.xcassets; sourceTree = "<group>"; };
		671147631CB344450031B0D5 /* Base */ = {isa = PBXFileReference; lastKnownFileType = file.storyboard; name = Base; path = Base.lproj/LaunchScreen.storyboard; sourceTree = "<group>"; };
		671147651CB344450031B0D5 /* Info.plist */ = {isa = PBXFileReference; lastKnownFileType = text.plist.xml; path = Info.plist; sourceTree = "<group>"; };
		6711476A1CB344450031B0D5 /* hubTextTests.xctest */ = {isa = PBXFileReference; explicitFileType = wrapper.cfbundle; includeInIndex = 0; path = hubTextTests.xctest; sourceTree = BUILT_PRODUCTS_DIR; };
		6711476E1CB344450031B0D5 /* hubTextTests.m */ = {isa = PBXFileReference; lastKnownFileType = sourcecode.c.objc; path = hubTextTests.m; sourceTree = "<group>"; };
		671147701CB344450031B0D5 /* Info.plist */ = {isa = PBXFileReference; lastKnownFileType = text.plist.xml; path = Info.plist; sourceTree = "<group>"; };
		671147751CB344450031B0D5 /* hubTextUITests.xctest */ = {isa = PBXFileReference; explicitFileType = wrapper.cfbundle; includeInIndex = 0; path = hubTextUITests.xctest; sourceTree = BUILT_PRODUCTS_DIR; };
		671147791CB344450031B0D5 /* hubTextUITests.m */ = {isa = PBXFileReference; lastKnownFileType = sourcecode.c.objc; path = hubTextUITests.m; sourceTree = "<group>"; };
		6711477B1CB344450031B0D5 /* Info.plist */ = {isa = PBXFileReference; lastKnownFileType = text.plist.xml; path = Info.plist; sourceTree = "<group>"; };
/* End PBXFileReference section */

/* Begin PBXFrameworksBuildPhase section */
		6711474E1CB344450031B0D5 /* Frameworks */ = {
			isa = PBXFrameworksBuildPhase;
			buildActionMask = 2147483647;
			files = (
			);
			runOnlyForDeploymentPostprocessing = 0;
		};
		671147671CB344450031B0D5 /* Frameworks */ = {
			isa = PBXFrameworksBuildPhase;
			buildActionMask = 2147483647;
			files = (
			);
			runOnlyForDeploymentPostprocessing = 0;
		};
		671147721CB344450031B0D5 /* Frameworks */ = {
			isa = PBXFrameworksBuildPhase;
			buildActionMask = 2147483647;
			files = (
			);
			runOnlyForDeploymentPostprocessing = 0;
		};
/* End PBXFrameworksBuildPhase section */

/* Begin PBXGroup section */
		671147481CB344450031B0D5 = {
			isa = PBXGroup;
			children = (
				671147531CB344450031B0D5 /* hubText */,
				6711476D1CB344450031B0D5 /* hubTextTests */,
				671147781CB344450031B0D5 /* hubTextUITests */,
				671147521CB344450031B0D5 /* Products */,
			);
			sourceTree = "<group>";
		};
		671147521CB344450031B0D5 /* Products */ = {
			isa = PBXGroup;
			children = (
				671147511CB344450031B0D5 /* hubText.app */,
				6711476A1CB344450031B0D5 /* hubTextTests.xctest */,
				671147751CB344450031B0D5 /* hubTextUITests.xctest */,
			);
			name = Products;
			sourceTree = "<group>";
		};
		671147531CB344450031B0D5 /* hubText */ = {
			isa = PBXGroup;
			children = (
				671147571CB344450031B0D5 /* AppDelegate.h */,
				671147581CB344450031B0D5 /* AppDelegate.m */,
				6711475A1CB344450031B0D5 /* ViewController.h */,
				6711475B1CB344450031B0D5 /* ViewController.m */,
				6711475D1CB344450031B0D5 /* Main.storyboard */,
				671147601CB344450031B0D5 /* Assets.xcassets */,
				671147621CB344450031B0D5 /* LaunchScreen.storyboard */,
				671147651CB344450031B0D5 /* Info.plist */,
				671147541CB344450031B0D5 /* Supporting Files */,
			);
			path = hubText;
			sourceTree = "<group>";
		};
		671147541CB344450031B0D5 /* Supporting Files */ = {
			isa = PBXGroup;
			children = (
				671147551CB344450031B0D5 /* main.m */,
			);
			name = "Supporting Files";
			sourceTree = "<group>";
		};
		6711476D1CB344450031B0D5 /* hubTextTests */ = {
			isa = PBXGroup;
			children = (
				6711476E1CB344450031B0D5 /* hubTextTests.m */,
				671147701CB344450031B0D5 /* Info.plist */,
			);
			path = hubTextTests;
			sourceTree = "<group>";
		};
		671147781CB344450031B0D5 /* hubTextUITests */ = {
			isa = PBXGroup;
			children = (
				671147791CB344450031B0D5 /* hubTextUITests.m */,
				6711477B1CB344450031B0D5 /* Info.plist */,
			);
			path = hubTextUITests;
			sourceTree = "<group>";
		};
/* End PBXGroup section */

/* Begin PBXNativeTarget section */
		671147501CB344450031B0D5 /* hubText */ = {
			isa = PBXNativeTarget;
			buildConfigurationList = 6711477E1CB344450031B0D5 /* Build configuration list for PBXNativeTarget "hubText" */;
			buildPhases = (
				6711474D1CB344450031B0D5 /* Sources */,
				6711474E1CB344450031B0D5 /* Frameworks */,
				6711474F1CB344450031B0D5 /* Resources */,
			);
			buildRules = (
			);
			dependencies = (
			);
			name = hubText;
			productName = hubText;
			productReference = 671147511CB344450031B0D5 /* hubText.app */;
			productType = "com.apple.product-type.application";
		};
		671147691CB344450031B0D5 /* hubTextTests */ = {
			isa = PBXNativeTarget;
			buildConfigurationList = 671147811CB344450031B0D5 /* Build configuration list for PBXNativeTarget "hubTextTests" */;
			buildPhases = (
				671147661CB344450031B0D5 /* Sources */,
				671147671CB344450031B0D5 /* Frameworks */,
				671147681CB344450031B0D5 /* Resources */,
			);
			buildRules = (
			);
			dependencies = (
				6711476C1CB344450031B0D5 /* PBXTargetDependency */,
			);
			name = hubTextTests;
			productName = hubTextTests;
			productReference = 6711476A1CB344450031B0D5 /* hubTextTests.xctest */;
			productType = "com.apple.product-type.bundle.unit-test";
		};
		671147741CB344450031B0D5 /* hubTextUITests */ = {
			isa = PBXNativeTarget;
			buildConfigurationList = 671147841CB344450031B0D5 /* Build configuration list for PBXNativeTarget "hubTextUITests" */;
			buildPhases = (
				671147711CB344450031B0D5 /* Sources */,
				671147721CB344450031B0D5 /* Frameworks */,
				671147731CB344450031B0D5 /* Resources */,
			);
			buildRules = (
			);
			dependencies = (
				671147771CB344450031B0D5 /* PBXTargetDependency */,
			);
			name = hubTextUITests;
			productName = hubTextUITests;
			productReference = 671147751CB344450031B0D5 /* hubTextUITests.xctest */;
			productType = "com.apple.product-type.bundle.ui-testing";
		};
/* End PBXNativeTarget section */

/* Begin PBXProject section */
		671147491CB344450031B0D5 /* Project object */ = {
			isa = PBXProject;
			attributes = {
				LastUpgradeCheck = 0720;
				ORGANIZATIONNAME = DC012;
				TargetAttributes = {
					671147501CB344450031B0D5 = {
						CreatedOnToolsVersion = 7.2;
					};
					671147691CB344450031B0D5 = {
						CreatedOnToolsVersion = 7.2;
						TestTargetID = 671147501CB344450031B0D5;
					};
					671147741CB344450031B0D5 = {
						CreatedOnToolsVersion = 7.2;
						TestTargetID = 671147501CB344450031B0D5;
					};
				};
			};
			buildConfigurationList = 6711474C1CB344450031B0D5 /* Build configuration list for PBXProject "hubText" */;
			compatibilityVersion = "Xcode 3.2";
			developmentRegion = English;
			hasScannedForEncodings = 0;
			knownRegions = (
				en,
				Base,
			);
			mainGroup = 671147481CB344450031B0D5;
			productRefGroup = 671147521CB344450031B0D5 /* Products */;
			projectDirPath = "";
			projectRoot = "";
			targets = (
				671147501CB344450031B0D5 /* hubText */,
				671147691CB344450031B0D5 /* hubTextTests */,
				671147741CB344450031B0D5 /* hubTextUITests */,
			);
		};
/* End PBXProject section */

/* Begin PBXResourcesBuildPhase section */
		6711474F1CB344450031B0D5 /* Resources */ = {
			isa = PBXResourcesBuildPhase;
			buildActionMask = 2147483647;
			files = (
				671147641CB344450031B0D5 /* LaunchScreen.storyboard in Resources */,
				671147611CB344450031B0D5 /* Assets.xcassets in Resources */,
				6711475F1CB344450031B0D5 /* Main.storyboard in Resources */,
			);
			runOnlyForDeploymentPostprocessing = 0;
		};
		671147681CB344450031B0D5 /* Resources */ = {
			isa = PBXResourcesBuildPhase;
			buildActionMask = 2147483647;
			files = (
			);
			runOnlyForDeploymentPostprocessing = 0;
		};
		671147731CB344450031B0D5 /* Resources */ = {
			isa = PBXResourcesBuildPhase;
			buildActionMask = 2147483647;
			files = (
			);
			runOnlyForDeploymentPostprocessing = 0;
		};
/* End PBXResourcesBuildPhase section */

/* Begin PBXSourcesBuildPhase section */
		6711474D1CB344450031B0D5 /* Sources */ = {
			isa = PBXSourcesBuildPhase;
			buildActionMask = 2147483647;
			files = (
				6711475C1CB344450031B0D5 /* ViewController.m in Sources */,
				671147591CB344450031B0D5 /* AppDelegate.m in Sources */,
				671147561CB344450031B0D5 /* main.m in Sources */,
			);
			runOnlyForDeploymentPostprocessing = 0;
		};
		671147661CB344450031B0D5 /* Sources */ = {
			isa = PBXSourcesBuildPhase;
			buildActionMask = 2147483647;
			files = (
				6711476F1CB344450031B0D5 /* hubTextTests.m in Sources */,
			);
			runOnlyForDeploymentPostprocessing = 0;
		};
		671147711CB344450031B0D5 /* Sources */ = {
			isa = PBXSourcesBuildPhase;
			buildActionMask = 2147483647;
			files = (
				6711477A1CB344450031B0D5 /* hubTextUITests.m in Sources */,
			);
			runOnlyForDeploymentPostprocessing = 0;
		};
/* End PBXSourcesBuildPhase section */

/* Begin PBXTargetDependency section */
		6711476C1CB344450031B0D5 /* PBXTargetDependency */ = {
			isa = PBXTargetDependency;
			target = 671147501CB344450031B0D5 /* hubText */;
			targetProxy = 6711476B1CB344450031B0D5 /* PBXContainerItemProxy */;
		};
		671147771CB344450031B0D5 /* PBXTargetDependency */ = {
			isa = PBXTargetDependency;
			target = 671147501CB344450031B0D5 /* hubText */;
			targetProxy = 671147761CB344450031B0D5 /* PBXContainerItemProxy */;
		};
/* End PBXTargetDependency section */

/* Begin PBXVariantGroup section */
		6711475D1CB344450031B0D5 /* Main.storyboard */ = {
			isa = PBXVariantGroup;
			children = (
				6711475E1CB344450031B0D5 /* Base */,
			);
			name = Main.storyboard;
			sourceTree = "<group>";
		};
		671147621CB344450031B0D5 /* LaunchScreen.storyboard */ = {
			isa = PBXVariantGroup;
			children = (
				671147631CB344450031B0D5 /* Base */,
			);
			name = LaunchScreen.storyboard;
			sourceTree = "<group>";
		};
/* End PBXVariantGroup section */

/* Begin XCBuildConfiguration section */
		6711477C1CB344450031B0D5 /* Debug */ = {
			isa = XCBuildConfiguration;
			buildSettings = {
				ALWAYS_SEARCH_USER_PATHS = NO;
				CLANG_CXX_LANGUAGE_STANDARD = "gnu++0x";
				CLANG_CXX_LIBRARY = "libc++";
				CLANG_ENABLE_MODULES = YES;
				CLANG_ENABLE_OBJC_ARC = YES;
				CLANG_WARN_BOOL_CONVERSION = YES;
				CLANG_WARN_CONSTANT_CONVERSION = YES;
				CLANG_WARN_DIRECT_OBJC_ISA_USAGE = YES_ERROR;
				CLANG_WARN_EMPTY_BODY = YES;
				CLANG_WARN_ENUM_CONVERSION = YES;
				CLANG_WARN_INT_CONVERSION = YES;
				CLANG_WARN_OBJC_ROOT_CLASS = YES_ERROR;
				CLANG_WARN_UNREACHABLE_CODE = YES;
				CLANG_WARN__DUPLICATE_METHOD_MATCH = YES;
				"CODE_SIGN_IDENTITY[sdk=iphoneos*]" = "iPhone Developer";
				COPY_PHASE_STRIP = NO;
				DEBUG_INFORMATION_FORMAT = dwarf;
				ENABLE_STRICT_OBJC_MSGSEND = YES;
				ENABLE_TESTABILITY = YES;
				GCC_C_LANGUAGE_STANDARD = gnu99;
				GCC_DYNAMIC_NO_PIC = NO;
				GCC_NO_COMMON_BLOCKS = YES;
				GCC_OPTIMIZATION_LEVEL = 0;
				GCC_PREPROCESSOR_DEFINITIONS = (
					"DEBUG=1",
					"$(inherited)",
				);
				GCC_WARN_64_TO_32_BIT_CONVERSION = YES;
				GCC_WARN_ABOUT_RETURN_TYPE = YES_ERROR;
				GCC_WARN_UNDECLARED_SELECTOR = YES;
				GCC_WARN_UNINITIALIZED_AUTOS = YES_AGGRESSIVE;
				GCC_WARN_UNUSED_FUNCTION = YES;
				GCC_WARN_UNUSED_VARIABLE = YES;
				IPHONEOS_DEPLOYMENT_TARGET = 9.2;
				MTL_ENABLE_DEBUG_INFO = YES;
				ONLY_ACTIVE_ARCH = YES;
				SDKROOT = iphoneos;
				TARGETED_DEVICE_FAMILY = "1,2";
			};
			name = Debug;
		};
		6711477D1CB344450031B0D5 /* Release */ = {
			isa = XCBuildConfiguration;
			buildSettings = {
				ALWAYS_SEARCH_USER_PATHS = NO;
				CLANG_CXX_LANGUAGE_STANDARD = "gnu++0x";
				CLANG_CXX_LIBRARY = "libc++";
				CLANG_ENABLE_MODULES = YES;
				CLANG_ENABLE_OBJC_ARC = YES;
				CLANG_WARN_BOOL_CONVERSION = YES;
				CLANG_WARN_CONSTANT_CONVERSION = YES;
				CLANG_WARN_DIRECT_OBJC_ISA_USAGE = YES_ERROR;
				CLANG_WARN_EMPTY_BODY = YES;
				CLANG_WARN_ENUM_CONVERSION = YES;
				CLANG_WARN_INT_CONVERSION = YES;
				CLANG_WARN_OBJC_ROOT_CLASS = YES_ERROR;
				CLANG_WARN_UNREACHABLE_CODE = YES;
				CLANG_WARN__DUPLICATE_METHOD_MATCH = YES;
				"CODE_SIGN_IDENTITY[sdk=iphoneos*]" = "iPhone Developer";
				COPY_PHASE_STRIP = NO;
				DEBUG_INFORMATION_FORMAT = "dwarf-with-dsym";
				ENABLE_NS_ASSERTIONS = NO;
				ENABLE_STRICT_OBJC_MSGSEND = YES;
				GCC_C_LANGUAGE_STANDARD = gnu99;
				GCC_NO_COMMON_BLOCKS = YES;
				GCC_WARN_64_TO_32_BIT_CONVERSION = YES;
				GCC_WARN_ABOUT_RETURN_TYPE = YES_ERROR;
				GCC_WARN_UNDECLARED_SELECTOR = YES;
				GCC_WARN_UNINITIALIZED_AUTOS = YES_AGGRESSIVE;
				GCC_WARN_UNUSED_FUNCTION = YES;
				GCC_WARN_UNUSED_VARIABLE = YES;
				IPHONEOS_DEPLOYMENT_TARGET = 9.2;
				MTL_ENABLE_DEBUG_INFO = NO;
				SDKROOT = iphoneos;
				TARGETED_DEVICE_FAMILY = "1,2";
				VALIDATE_PRODUCT = YES;
			};
			name = Release;
		};
		6711477F1CB344450031B0D5 /* Debug */ = {
			isa = XCBuildConfiguration;
			buildSettings = {
				ASSETCATALOG_COMPILER_APPICON_NAME = AppIcon;
				INFOPLIST_FILE = hubText/Info.plist;
				LD_RUNPATH_SEARCH_PATHS = "$(inherited) @executable_path/Frameworks";
				PRODUCT_BUNDLE_IDENTIFIER = come.hubText;
				PRODUCT_NAME = "$(TARGET_NAME)";
			};
			name = Debug;
		};
		671147801CB344450031B0D5 /* Release */ = {
			isa = XCBuildConfiguration;
			buildSettings = {
				ASSETCATALOG_COMPILER_APPICON_NAME = AppIcon;
				INFOPLIST_FILE = hubText/Info.plist;
				LD_RUNPATH_SEARCH_PATHS = "$(inherited) @executable_path/Frameworks";
				PRODUCT_BUNDLE_IDENTIFIER = come.hubText;
				PRODUCT_NAME = "$(TARGET_NAME)";
			};
			name = Release;
		};
		671147821CB344450031B0D5 /* Debug */ = {
			isa = XCBuildConfiguration;
			buildSettings = {
				BUNDLE_LOADER = "$(TEST_HOST)";
				INFOPLIST_FILE = hubTextTests/Info.plist;
				LD_RUNPATH_SEARCH_PATHS = "$(inherited) @executable_path/Frameworks @loader_path/Frameworks";
				PRODUCT_BUNDLE_IDENTIFIER = come.hubTextTests;
				PRODUCT_NAME = "$(TARGET_NAME)";
				TEST_HOST = "$(BUILT_PRODUCTS_DIR)/hubText.app/hubText";
			};
			name = Debug;
		};
		671147831CB344450031B0D5 /* Release */ = {
			isa = XCBuildConfiguration;
			buildSettings = {
				BUNDLE_LOADER = "$(TEST_HOST)";
				INFOPLIST_FILE = hubTextTests/Info.plist;
				LD_RUNPATH_SEARCH_PATHS = "$(inherited) @executable_path/Frameworks @loader_path/Frameworks";
				PRODUCT_BUNDLE_IDENTIFIER = come.hubTextTests;
				PRODUCT_NAME = "$(TARGET_NAME)";
				TEST_HOST = "$(BUILT_PRODUCTS_DIR)/hubText.app/hubText";
			};
			name = Release;
		};
		671147851CB344450031B0D5 /* Debug */ = {
			isa = XCBuildConfiguration;
			buildSettings = {
				INFOPLIST_FILE = hubTextUITests/Info.plist;
				LD_RUNPATH_SEARCH_PATHS = "$(inherited) @executable_path/Frameworks @loader_path/Frameworks";
				PRODUCT_BUNDLE_IDENTIFIER = come.hubTextUITests;
				PRODUCT_NAME = "$(TARGET_NAME)";
				TEST_TARGET_NAME = hubText;
				USES_XCTRUNNER = YES;
			};
			name = Debug;
		};
		671147861CB344450031B0D5 /* Release */ = {
			isa = XCBuildConfiguration;
			buildSettings = {
				INFOPLIST_FILE = hubTextUITests/Info.plist;
				LD_RUNPATH_SEARCH_PATHS = "$(inherited) @executable_path/Frameworks @loader_path/Frameworks";
				PRODUCT_BUNDLE_IDENTIFIER = come.hubTextUITests;
				PRODUCT_NAME = "$(TARGET_NAME)";
				TEST_TARGET_NAME = hubText;
				USES_XCTRUNNER = YES;
			};
			name = Release;
		};
/* End XCBuildConfiguration section */

/* Begin XCConfigurationList section */
		6711474C1CB344450031B0D5 /* Build configuration list for PBXProject "hubText" */ = {
			isa = XCConfigurationList;
			buildConfigurations = (
				6711477C1CB344450031B0D5 /* Debug */,
				6711477D1CB344450031B0D5 /* Release */,
			);
			defaultConfigurationIsVisible = 0;
			defaultConfigurationName = Release;
		};
		6711477E1CB344450031B0D5 /* Build configuration list for PBXNativeTarget "hubText" */ = {
			isa = XCConfigurationList;
			buildConfigurations = (
				6711477F1CB344450031B0D5 /* Debug */,
				671147801CB344450031B0D5 /* Release */,
			);
			defaultConfigurationIsVisible = 0;
		};
		671147811CB344450031B0D5 /* Build configuration list for PBXNativeTarget "hubTextTests" */ = {
			isa = XCConfigurationList;
			buildConfigurations = (
				671147821CB344450031B0D5 /* Debug */,
				671147831CB344450031B0D5 /* Release */,
			);
			defaultConfigurationIsVisible = 0;
		};
		671147841CB344450031B0D5 /* Build configuration list for PBXNativeTarget "hubTextUITests" */ = {
			isa = XCConfigurationList;
			buildConfigurations = (
				671147851CB344450031B0D5 /* Debug */,
				671147861CB344450031B0D5 /* Release */,
			);
			defaultConfigurationIsVisible = 0;
		};
/* End XCConfigurationList section */
	};
	rootObject = 671147491CB344450031B0D5 /* Project object */;
}
